
Microsoft Visual Studio Solution File, Format Version 12.00
# Visual Studio Version 17
VisualStudioVersion = 17.0.31903.59
MinimumVisualStudioVersion = 10.0.40219.1
Project("{9A19103F-16F7-4668-BE54-9A1E7A4F7556}") = "Flaky.Utility", "Flaky.Utility\Flaky.Utility.csproj", "{4C7D457D-9C2B-4150-AA43-6B3F94ED4261}"
EndProject
Project("{9A19103F-16F7-4668-BE54-9A1E7A4F7556}") = "Flaky.Utility.Example", "Flaky.Utility.Example\Flaky.Utility.Example.csproj", "{05A16CA9-D655-49D2-BDBE-AD08A9688A49}"
EndProject
Project("{9A19103F-16F7-4668-BE54-9A1E7A4F7556}") = "Flaky.Utility.Serilog", "Flaky.Utility.Serilog\Flaky.Utility.Serilog.csproj", "{20A3E906-8CBE-43BC-8389-2C9DD674405C}"
EndProject
Project("{FAE04EC0-301F-11D3-BF4B-00C04F79EFBC}") = "Flaky.Utility.Example.NetStandard", "Flaky.Utility.Example.NetStandard\Flaky.Utility.Example.NetStandard.csproj", "{215F75F8-900C-486E-91C6-19F4F466C053}"
EndProject
Global
	GlobalSection(SolutionConfigurationPlatforms) = preSolution
		Debug|Any CPU = Debug|Any CPU
		Release|Any CPU = Release|Any CPU
	EndGlobalSection
	GlobalSection(ProjectConfigurationPlatforms) = postSolution
		{4C7D457D-9C2B-4150-AA43-6B3F94ED4261}.Debug|Any CPU.ActiveCfg = Debug|Any CPU
		{4C7D457D-9C2B-4150-AA43-6B3F94ED4261}.Debug|Any CPU.Build.0 = Debug|Any CPU
		{4C7D457D-9C2B-4150-AA43-6B3F94ED4261}.Release|Any CPU.ActiveCfg = Release|Any CPU
		{4C7D457D-9C2B-4150-AA43-6B3F94ED4261}.Release|Any CPU.Build.0 = Release|Any CPU
		{05A16CA9-D655-49D2-BDBE-AD08A9688A49}.Debug|Any CPU.ActiveCfg = Debug|Any CPU
		{05A16CA9-D655-49D2-BDBE-AD08A9688A49}.Debug|Any CPU.Build.0 = Debug|Any CPU
		{05A16CA9-D655-49D2-BDBE-AD08A9688A49}.Release|Any CPU.ActiveCfg = Release|Any CPU
		{05A16CA9-D655-49D2-BDBE-AD08A9688A49}.Release|Any CPU.Build.0 = Release|Any CPU
		{20A3E906-8CBE-43BC-8389-2C9DD674405C}.Debug|Any CPU.ActiveCfg = Debug|Any CPU
		{20A3E906-8CBE-43BC-8389-2C9DD674405C}.Debug|Any CPU.Build.0 = Debug|Any CPU
		{20A3E906-8CBE-43BC-8389-2C9DD674405C}.Release|Any CPU.ActiveCfg = Release|Any CPU
		{20A3E906-8CBE-43BC-8389-2C9DD674405C}.Release|Any CPU.Build.0 = Release|Any CPU
		{215F75F8-900C-486E-91C6-19F4F466C053}.Debug|Any CPU.ActiveCfg = Debug|Any CPU
		{215F75F8-900C-486E-91C6-19F4F466C053}.Debug|Any CPU.Build.0 = Debug|Any CPU
		{215F75F8-900C-486E-91C6-19F4F466C053}.Release|Any CPU.ActiveCfg = Release|Any CPU
		{215F75F8-900C-486E-91C6-19F4F466C053}.Release|Any CPU.Build.0 = Release|Any CPU
	EndGlobalSection
	GlobalSection(SolutionProperties) = preSolution
		HideSolutionNode = FALSE
	EndGlobalSection
	GlobalSection(ExtensibilityGlobals) = postSolution
		SolutionGuid = {6C66B038-8BC3-4A63-9FD9-50586E444445}
	EndGlobalSection
EndGlobal
